
Microsoft Visual Studio Solution File, Format Version 12.00
# Visual Studio Version 17
VisualStudioVersion = 17.7.34024.191
MinimumVisualStudioVersion = 10.0.40219.1
Project("{FAE04EC0-301F-11D3-BF4B-00C04F79EFBC}") = "SortingImageFiles", "SortingImageFiles\SortingImageFiles.csproj", "{D1389FC4-F20D-4276-A98E-CCF765CDD509}"
EndProject
Global
	GlobalSection(SolutionConfigurationPlatforms) = preSolution
		Debug|Any CPU = Debug|Any CPU
		Release|Any CPU = Release|Any CPU
	EndGlobalSection
	GlobalSection(ProjectConfigurationPlatforms) = postSolution
		{D1389FC4-F20D-4276-A98E-CCF765CDD509}.Debug|Any CPU.ActiveCfg = Debug|Any CPU
		{D1389FC4-F20D-4276-A98E-CCF765CDD509}.Debug|Any CPU.Build.0 = Debug|Any CPU
		{D1389FC4-F20D-4276-A98E-CCF765CDD509}.Release|Any CPU.ActiveCfg = Release|Any CPU
		{D1389FC4-F20D-4276-A98E-CCF765CDD509}.Release|Any CPU.Build.0 = Release|Any CPU
	EndGlobalSection
	GlobalSection(SolutionProperties) = preSolution
		HideSolutionNode = FALSE
	EndGlobalSection
	GlobalSection(ExtensibilityGlobals) = postSolution
		SolutionGuid = {EC9A16F5-A15F-4008-9C68-19473A739758}
	EndGlobalSection
EndGlobal
